// !$*UTF8*$!
{
	archiveVersion = 1;
	classes = {
	};
	objectVersion = 48;
	objects = {

/* Begin PBXBuildFile section */
		6D7C0AD7218F323C00DBD376 /* MovieCell.swift in Sources */ = {isa = PBXBuildFile; fileRef = 6D7C0AD6218F323C00DBD376 /* MovieCell.swift */; };
		6DDD5180218F182400DE4664 /* AppDelegate.swift in Sources */ = {isa = PBXBuildFile; fileRef = 6DDD517F218F182400DE4664 /* AppDelegate.swift */; };
		6DDD5182218F182400DE4664 /* MoviesViewController.swift in Sources */ = {isa = PBXBuildFile; fileRef = 6DDD5181218F182400DE4664 /* MoviesViewController.swift */; };
		6DDD5185218F182400DE4664 /* Main.storyboard in Resources */ = {isa = PBXBuildFile; fileRef = 6DDD5183218F182400DE4664 /* Main.storyboard */; };
		6DDD5187218F182400DE4664 /* Assets.xcassets in Resources */ = {isa = PBXBuildFile; fileRef = 6DDD5186218F182400DE4664 /* Assets.xcassets */; };
		6DDD518A218F182400DE4664 /* LaunchScreen.storyboard in Resources */ = {isa = PBXBuildFile; fileRef = 6DDD5188218F182400DE4664 /* LaunchScreen.storyboard */; };
		6DDD5192218F1AB700DE4664 /* Movie.swift in Sources */ = {isa = PBXBuildFile; fileRef = 6DDD5191218F1AB700DE4664 /* Movie.swift */; };
/* End PBXBuildFile section */

/* Begin PBXFileReference section */
		6D7C0AD6218F323C00DBD376 /* MovieCell.swift */ = {isa = PBXFileReference; lastKnownFileType = sourcecode.swift; path = MovieCell.swift; sourceTree = "<group>"; };
		6DDD517C218F182400DE4664 /* Lec6TableViews.app */ = {isa = PBXFileReference; explicitFileType = wrapper.application; includeInIndex = 0; path = Lec6TableViews.app; sourceTree = BUILT_PRODUCTS_DIR; };
		6DDD517F218F182400DE4664 /* AppDelegate.swift */ = {isa = PBXFileReference; lastKnownFileType = sourcecode.swift; path = AppDelegate.swift; sourceTree = "<group>"; };
		6DDD5181218F182400DE4664 /* MoviesViewController.swift */ = {isa = PBXFileReference; lastKnownFileType = sourcecode.swift; path = MoviesViewController.swift; sourceTree = "<group>"; };
		6DDD5184218F182400DE4664 /* Base */ = {isa = PBXFileReference; lastKnownFileType = file.storyboard; name = Base; path = Base.lproj/Main.storyboard; sourceTree = "<group>"; };
		6DDD5186218F182400DE4664 /* Assets.xcassets */ = {isa = PBXFileReference; lastKnownFileType = folder.assetcatalog; path = Assets.xcassets; sourceTree = "<group>"; };
		6DDD5189218F182400DE4664 /* Base */ = {isa = PBXFileReference; lastKnownFileType = file.storyboard; name = Base; path = Base.lproj/LaunchScreen.storyboard; sourceTree = "<group>"; };
		6DDD518B218F182400DE4664 /* Info.plist */ = {isa = PBXFileReference; lastKnownFileType = text.plist.xml; path = Info.plist; sourceTree = "<group>"; };
		6DDD5191218F1AB700DE4664 /* Movie.swift */ = {isa = PBXFileReference; lastKnownFileType = sourcecode.swift; path = Movie.swift; sourceTree = "<group>"; };
/* End PBXFileReference section */

/* Begin PBXFrameworksBuildPhase section */
		6DDD5179218F182400DE4664 /* Frameworks */ = {
			isa = PBXFrameworksBuildPhase;
			buildActionMask = 2147483647;
			files = (
			);
			runOnlyForDeploymentPostprocessing = 0;
		};
/* End PBXFrameworksBuildPhase section */

/* Begin PBXGroup section */
		6DDD5173218F182400DE4664 = {
			isa = PBXGroup;
			children = (
				6DDD517E218F182400DE4664 /* Lec6TableViews */,
				6DDD517D218F182400DE4664 /* Products */,
			);
			sourceTree = "<group>";
		};
		6DDD517D218F182400DE4664 /* Products */ = {
			isa = PBXGroup;
			children = (
				6DDD517C218F182400DE4664 /* Lec6TableViews.app */,
			);
			name = Products;
			sourceTree = "<group>";
		};
		6DDD517E218F182400DE4664 /* Lec6TableViews */ = {
			isa = PBXGroup;
			children = (
				6DDD517F218F182400DE4664 /* AppDelegate.swift */,
				6DDD5181218F182400DE4664 /* MoviesViewController.swift */,
				6DDD5191218F1AB700DE4664 /* Movie.swift */,
				6D7C0AD6218F323C00DBD376 /* MovieCell.swift */,
				6DDD5183218F182400DE4664 /* Main.storyboard */,
				6DDD5186218F182400DE4664 /* Assets.xcassets */,
				6DDD5188218F182400DE4664 /* LaunchScreen.storyboard */,
				6DDD518B218F182400DE4664 /* Info.plist */,
			);
			path = Lec6TableViews;
			sourceTree = "<group>";
		};
/* End PBXGroup section */

/* Begin PBXNativeTarget section */
		6DDD517B218F182400DE4664 /* Lec6TableViews */ = {
			isa = PBXNativeTarget;
			buildConfigurationList = 6DDD518E218F182400DE4664 /* Build configuration list for PBXNativeTarget "Lec6TableViews" */;
			buildPhases = (
				6DDD5178218F182400DE4664 /* Sources */,
				6DDD5179218F182400DE4664 /* Frameworks */,
				6DDD517A218F182400DE4664 /* Resources */,
			);
			buildRules = (
			);
			dependencies = (
			);
			name = Lec6TableViews;
			productName = Lec6TableViews;
			productReference = 6DDD517C218F182400DE4664 /* Lec6TableViews.app */;
			productType = "com.apple.product-type.application";
		};
/* End PBXNativeTarget section */

/* Begin PBXProject section */
		6DDD5174218F182400DE4664 /* Project object */ = {
			isa = PBXProject;
			attributes = {
				LastSwiftUpdateCheck = 0920;
				LastUpgradeCheck = 0920;
				ORGANIZATIONNAME = hackeru;
				TargetAttributes = {
					6DDD517B218F182400DE4664 = {
						CreatedOnToolsVersion = 9.2;
						ProvisioningStyle = Automatic;
					};
				};
			};
			buildConfigurationList = 6DDD5177218F182400DE4664 /* Build configuration list for PBXProject "Lec6TableViews" */;
			compatibilityVersion = "Xcode 8.0";
			developmentRegion = en;
			hasScannedForEncodings = 0;
			knownRegions = (
				en,
				Base,
			);
			mainGroup = 6DDD5173218F182400DE4664;
			productRefGroup = 6DDD517D218F182400DE4664 /* Products */;
			projectDirPath = "";
			projectRoot = "";
			targets = (
				6DDD517B218F182400DE4664 /* Lec6TableViews */,
			);
		};
/* End PBXProject section */

/* Begin PBXResourcesBuildPhase section */
		6DDD517A218F182400DE4664 /* Resources */ = {
			isa = PBXResourcesBuildPhase;
			buildActionMask = 2147483647;
			files = (
				6DDD518A218F182400DE4664 /* LaunchScreen.storyboard in Resources */,
				6DDD5187218F182400DE4664 /* Assets.xcassets in Resources */,
				6DDD5185218F182400DE4664 /* Main.storyboard in Resources */,
			);
			runOnlyForDeploymentPostprocessing = 0;
		};
/* End PBXResourcesBuildPhase section */

/* Begin PBXSourcesBuildPhase section */
		6DDD5178218F182400DE4664 /* Sources */ = {
			isa = PBXSourcesBuildPhase;
			buildActionMask = 2147483647;
			files = (
				6DDD5182218F182400DE4664 /* MoviesViewController.swift in Sources */,
				6DDD5180218F182400DE4664 /* AppDelegate.swift in Sources */,
				6D7C0AD7218F323C00DBD376 /* MovieCell.swift in Sources */,
				6DDD5192218F1AB700DE4664 /* Movie.swift in Sources */,
			);
			runOnlyForDeploymentPostprocessing = 0;
		};
/* End PBXSourcesBuildPhase section */

/* Begin PBXVariantGroup section */
		6DDD5183218F182400DE4664 /* Main.storyboard */ = {
			isa = PBXVariantGroup;
			children = (
				6DDD5184218F182400DE4664 /* Base */,
			);
			name = Main.storyboard;
			sourceTree = "<group>";
		};
		6DDD5188218F182400DE4664 /* LaunchScreen.storyboard */ = {
			isa = PBXVariantGroup;
			children = (
				6DDD5189218F182400DE4664 /* Base */,
			);
			name = LaunchScreen.storyboard;
			sourceTree = "<group>";
		};
/* End PBXVariantGroup section */

/* Begin XCBuildConfiguration section */
		6DDD518C218F182400DE4664 /* Debug */ = {
			isa = XCBuildConfiguration;
			buildSettings = {
				ALWAYS_SEARCH_USER_PATHS = NO;
				CLANG_ANALYZER_NONNULL = YES;
				CLANG_ANALYZER_NUMBER_OBJECT_CONVERSION = YES_AGGRESSIVE;
				CLANG_CXX_LANGUAGE_STANDARD = "gnu++14";
				CLANG_CXX_LIBRARY = "libc++";
				CLANG_ENABLE_MODULES = YES;
				CLANG_ENABLE_OBJC_ARC = YES;
				CLANG_WARN_BLOCK_CAPTURE_AUTORELEASING = YES;
				CLANG_WARN_BOOL_CONVERSION = YES;
				CLANG_WARN_COMMA = YES;
				CLANG_WARN_CONSTANT_CONVERSION = YES;
				CLANG_WARN_DIRECT_OBJC_ISA_USAGE = YES_ERROR;
				CLANG_WARN_DOCUMENTATION_COMMENTS = YES;
				CLANG_WARN_EMPTY_BODY = YES;
				CLANG_WARN_ENUM_CONVERSION = YES;
				CLANG_WARN_INFINITE_RECURSION = YES;
				CLANG_WARN_INT_CONVERSION = YES;
				CLANG_WARN_NON_LITERAL_NULL_CONVERSION = YES;
				CLANG_WARN_OBJC_LITERAL_CONVERSION = YES;
				CLANG_WARN_OBJC_ROOT_CLASS = YES_ERROR;
				CLANG_WARN_RANGE_LOOP_ANALYSIS = YES;
				CLANG_WARN_STRICT_PROTOTYPES = YES;
				CLANG_WARN_SUSPICIOUS_MOVE = YES;
				CLANG_WARN_UNGUARDED_AVAILABILITY = YES_AGGRESSIVE;
				CLANG_WARN_UNREACHABLE_CODE = YES;
				CLANG_WARN__DUPLICATE_METHOD_MATCH = YES;
				CODE_SIGN_IDENTITY = "iPhone Developer";
				COPY_PHASE_STRIP = NO;
				DEBUG_INFORMATION_FORMAT = dwarf;
				ENABLE_STRICT_OBJC_MSGSEND = YES;
				ENABLE_TESTABILITY = YES;
				GCC_C_LANGUAGE_STANDARD = gnu11;
				GCC_DYNAMIC_NO_PIC = NO;
				GCC_NO_COMMON_BLOCKS = YES;
				GCC_OPTIMIZATION_LEVEL = 0;
				GCC_PREPROCESSOR_DEFINITIONS = (
					"DEBUG=1",
					"$(inherited)",
				);
				GCC_WARN_64_TO_32_BIT_CONVERSION = YES;
				GCC_WARN_ABOUT_RETURN_TYPE = YES_ERROR;
				GCC_WARN_UNDECLARED_SELECTOR = YES;
				GCC_WARN_UNINITIALIZED_AUTOS = YES_AGGRESSIVE;
				GCC_WARN_UNUSED_FUNCTION = YES;
				GCC_WARN_UNUSED_VARIABLE = YES;
				IPHONEOS_DEPLOYMENT_TARGET = 11.2;
				MTL_ENABLE_DEBUG_INFO = YES;
				ONLY_ACTIVE_ARCH = YES;
				SDKROOT = iphoneos;
				SWIFT_ACTIVE_COMPILATION_CONDITIONS = DEBUG;
				SWIFT_OPTIMIZATION_LEVEL = "-Onone";
			};
			name = Debug;
		};
		6DDD518D218F182400DE4664 /* Release */ = {
			isa = XCBuildConfiguration;
			buildSettings = {
				ALWAYS_SEARCH_USER_PATHS = NO;
				CLANG_ANALYZER_NONNULL = YES;
				CLANG_ANALYZER_NUMBER_OBJECT_CONVERSION = YES_AGGRESSIVE;
				CLANG_CXX_LANGUAGE_STANDARD = "gnu++14";
				CLANG_CXX_LIBRARY = "libc++";
				CLANG_ENABLE_MODULES = YES;
				CLANG_ENABLE_OBJC_ARC = YES;
				CLANG_WARN_BLOCK_CAPTURE_AUTORELEASING = YES;
				CLANG_WARN_BOOL_CONVERSION = YES;
				CLANG_WARN_COMMA = YES;
				CLANG_WARN_CONSTANT_CONVERSION = YES;
				CLANG_WARN_DIRECT_OBJC_ISA_USAGE = YES_ERROR;
				CLANG_WARN_DOCUMENTATION_COMMENTS = YES;
				CLANG_WARN_EMPTY_BODY = YES;
				CLANG_WARN_ENUM_CONVERSION = YES;
				CLANG_WARN_INFINITE_RECURSION = YES;
				CLANG_WARN_INT_CONVERSION = YES;
				CLANG_WARN_NON_LITERAL_NULL_CONVERSION = YES;
				CLANG_WARN_OBJC_LITERAL_CONVERSION = YES;
				CLANG_WARN_OBJC_ROOT_CLASS = YES_ERROR;
				CLANG_WARN_RANGE_LOOP_ANALYSIS = YES;
				CLANG_WARN_STRICT_PROTOTYPES = YES;
				CLANG_WARN_SUSPICIOUS_MOVE = YES;
				CLANG_WARN_UNGUARDED_AVAILABILITY = YES_AGGRESSIVE;
				CLANG_WARN_UNREACHABLE_CODE = YES;
				CLANG_WARN__DUPLICATE_METHOD_MATCH = YES;
				CODE_SIGN_IDENTITY = "iPhone Developer";
				COPY_PHASE_STRIP = NO;
				DEBUG_INFORMATION_FORMAT = "dwarf-with-dsym";
				ENABLE_NS_ASSERTIONS = NO;
				ENABLE_STRICT_OBJC_MSGSEND = YES;
				GCC_C_LANGUAGE_STANDARD = gnu11;
				GCC_NO_COMMON_BLOCKS = YES;
				GCC_WARN_64_TO_32_BIT_CONVERSION = YES;
				GCC_WARN_ABOUT_RETURN_TYPE = YES_ERROR;
				GCC_WARN_UNDECLARED_SELECTOR = YES;
				GCC_WARN_UNINITIALIZED_AUTOS = YES_AGGRESSIVE;
				GCC_WARN_UNUSED_FUNCTION = YES;
				GCC_WARN_UNUSED_VARIABLE = YES;
				IPHONEOS_DEPLOYMENT_TARGET = 11.2;
				MTL_ENABLE_DEBUG_INFO = NO;
				SDKROOT = iphoneos;
				SWIFT_OPTIMIZATION_LEVEL = "-Owholemodule";
				VALIDATE_PRODUCT = YES;
			};
			name = Release;
		};
		6DDD518F218F182400DE4664 /* Debug */ = {
			isa = XCBuildConfiguration;
			buildSettings = {
				ASSETCATALOG_COMPILER_APPICON_NAME = AppIcon;
				CODE_SIGN_STYLE = Automatic;
				INFOPLIST_FILE = Lec6TableViews/Info.plist;
				LD_RUNPATH_SEARCH_PATHS = "$(inherited) @executable_path/Frameworks";
				PRODUCT_BUNDLE_IDENTIFIER = edu.tomerbu.hackeru.Lec6TableViews;
				PRODUCT_NAME = "$(TARGET_NAME)";
				SWIFT_VERSION = 4.0;
				TARGETED_DEVICE_FAMILY = "1,2";
			};
			name = Debug;
		};
		6DDD5190218F182400DE4664 /* Release */ = {
			isa = XCBuildConfiguration;
			buildSettings = {
				ASSETCATALOG_COMPILER_APPICON_NAME = AppIcon;
				CODE_SIGN_STYLE = Automatic;
				INFOPLIST_FILE = Lec6TableViews/Info.plist;
				LD_RUNPATH_SEARCH_PATHS = "$(inherited) @executable_path/Frameworks";
				PRODUCT_BUNDLE_IDENTIFIER = edu.tomerbu.hackeru.Lec6TableViews;
				PRODUCT_NAME = "$(TARGET_NAME)";
				SWIFT_VERSION = 4.0;
				TARGETED_DEVICE_FAMILY = "1,2";
			};
			name = Release;
		};
/* End XCBuildConfiguration section */

/* Begin XCConfigurationList section */
		6DDD5177218F182400DE4664 /* Build configuration list for PBXProject "Lec6TableViews" */ = {
			isa = XCConfigurationList;
			buildConfigurations = (
				6DDD518C218F182400DE4664 /* Debug */,
				6DDD518D218F182400DE4664 /* Release */,
			);
			defaultConfigurationIsVisible = 0;
			defaultConfigurationName = Release;
		};
		6DDD518E218F182400DE4664 /* Build configuration list for PBXNativeTarget "Lec6TableViews" */ = {
			isa = XCConfigurationList;
			buildConfigurations = (
				6DDD518F218F182400DE4664 /* Debug */,
				6DDD5190218F182400DE4664 /* Release */,
			);
			defaultConfigurationIsVisible = 0;
			defaultConfigurationName = Release;
		};
/* End XCConfigurationList section */
	};
	rootObject = 6DDD5174218F182400DE4664 /* Project object */;
}
